
Microsoft Visual Studio Solution File, Format Version 12.00
# Visual Studio Version 16
VisualStudioVersion = 16.0.30611.23
MinimumVisualStudioVersion = 10.0.40219.1
Project("{9A19103F-16F7-4668-BE54-9A1E7A4F7556}") = "ClassSample", "ClassSample\ClassSample.csproj", "{C0FFF6E3-19C6-4EC5-B954-A49CDF541794}"
EndProject
Project("{9A19103F-16F7-4668-BE54-9A1E7A4F7556}") = "StaticSample", "StaticSample\StaticSample.csproj", "{D48C2F51-E3ED-4F32-A488-94EA6C6F36C3}"
EndProject
Project("{9A19103F-16F7-4668-BE54-9A1E7A4F7556}") = "PartialClassSample", "PartialClassSample\PartialClassSample.csproj", "{6C380ACD-309A-413F-ACFF-00E345072A6F}"
EndProject
Project("{9A19103F-16F7-4668-BE54-9A1E7A4F7556}") = "InheritanceSample", "InheritanceSample\InheritanceSample.csproj", "{9F3C272C-A0F9-4194-8162-CFFCDB764FCE}"
EndProject
Project("{9A19103F-16F7-4668-BE54-9A1E7A4F7556}") = "AbstractClassSample", "AbstracrClassSample\AbstractClassSample.csproj", "{0387B922-C311-416A-B9ED-0B2B89FC9D2E}"
EndProject
Project("{9A19103F-16F7-4668-BE54-9A1E7A4F7556}") = "VirtualMethodsSample", "VirtualMethodsSample\VirtualMethodsSample.csproj", "{046D07E1-161E-495F-A5E5-6ED14F3F3C1C}"
EndProject
Project("{9A19103F-16F7-4668-BE54-9A1E7A4F7556}") = "InterfacesSample", "InterfacesSample\InterfacesSample.csproj", "{39FE69E6-1752-45B5-93A1-ECD5B1713622}"
EndProject
Project("{FAE04EC0-301F-11D3-BF4B-00C04F79EFBC}") = "StructureSample", "StructureSample\StructureSample.csproj", "{8655C836-9C5B-4D2C-999C-A68125EC6C98}"
EndProject
Project("{FAE04EC0-301F-11D3-BF4B-00C04F79EFBC}") = "EnumsSample", "EnumsSample\EnumsSample.csproj", "{19B3EDFD-F0A5-41EA-ABED-DF75AA58A93E}"
EndProject
Project("{FAE04EC0-301F-11D3-BF4B-00C04F79EFBC}") = "CombinedSample", "CombinedSample\CombinedSample.csproj", "{9AC9FC6C-26EC-468E-A34E-ADD35AC928B1}"
EndProject
Global
	GlobalSection(SolutionConfigurationPlatforms) = preSolution
		Debug|Any CPU = Debug|Any CPU
		Release|Any CPU = Release|Any CPU
	EndGlobalSection
	GlobalSection(ProjectConfigurationPlatforms) = postSolution
		{C0FFF6E3-19C6-4EC5-B954-A49CDF541794}.Debug|Any CPU.ActiveCfg = Debug|Any CPU
		{C0FFF6E3-19C6-4EC5-B954-A49CDF541794}.Debug|Any CPU.Build.0 = Debug|Any CPU
		{C0FFF6E3-19C6-4EC5-B954-A49CDF541794}.Release|Any CPU.ActiveCfg = Release|Any CPU
		{C0FFF6E3-19C6-4EC5-B954-A49CDF541794}.Release|Any CPU.Build.0 = Release|Any CPU
		{D48C2F51-E3ED-4F32-A488-94EA6C6F36C3}.Debug|Any CPU.ActiveCfg = Debug|Any CPU
		{D48C2F51-E3ED-4F32-A488-94EA6C6F36C3}.Debug|Any CPU.Build.0 = Debug|Any CPU
		{D48C2F51-E3ED-4F32-A488-94EA6C6F36C3}.Release|Any CPU.ActiveCfg = Release|Any CPU
		{D48C2F51-E3ED-4F32-A488-94EA6C6F36C3}.Release|Any CPU.Build.0 = Release|Any CPU
		{6C380ACD-309A-413F-ACFF-00E345072A6F}.Debug|Any CPU.ActiveCfg = Debug|Any CPU
		{6C380ACD-309A-413F-ACFF-00E345072A6F}.Debug|Any CPU.Build.0 = Debug|Any CPU
		{6C380ACD-309A-413F-ACFF-00E345072A6F}.Release|Any CPU.ActiveCfg = Release|Any CPU
		{6C380ACD-309A-413F-ACFF-00E345072A6F}.Release|Any CPU.Build.0 = Release|Any CPU
		{9F3C272C-A0F9-4194-8162-CFFCDB764FCE}.Debug|Any CPU.ActiveCfg = Debug|Any CPU
		{9F3C272C-A0F9-4194-8162-CFFCDB764FCE}.Debug|Any CPU.Build.0 = Debug|Any CPU
		{9F3C272C-A0F9-4194-8162-CFFCDB764FCE}.Release|Any CPU.ActiveCfg = Release|Any CPU
		{9F3C272C-A0F9-4194-8162-CFFCDB764FCE}.Release|Any CPU.Build.0 = Release|Any CPU
		{0387B922-C311-416A-B9ED-0B2B89FC9D2E}.Debug|Any CPU.ActiveCfg = Debug|Any CPU
		{0387B922-C311-416A-B9ED-0B2B89FC9D2E}.Debug|Any CPU.Build.0 = Debug|Any CPU
		{0387B922-C311-416A-B9ED-0B2B89FC9D2E}.Release|Any CPU.ActiveCfg = Release|Any CPU
		{0387B922-C311-416A-B9ED-0B2B89FC9D2E}.Release|Any CPU.Build.0 = Release|Any CPU
		{046D07E1-161E-495F-A5E5-6ED14F3F3C1C}.Debug|Any CPU.ActiveCfg = Debug|Any CPU
		{046D07E1-161E-495F-A5E5-6ED14F3F3C1C}.Debug|Any CPU.Build.0 = Debug|Any CPU
		{046D07E1-161E-495F-A5E5-6ED14F3F3C1C}.Release|Any CPU.ActiveCfg = Release|Any CPU
		{046D07E1-161E-495F-A5E5-6ED14F3F3C1C}.Release|Any CPU.Build.0 = Release|Any CPU
		{39FE69E6-1752-45B5-93A1-ECD5B1713622}.Debug|Any CPU.ActiveCfg = Debug|Any CPU
		{39FE69E6-1752-45B5-93A1-ECD5B1713622}.Debug|Any CPU.Build.0 = Debug|Any CPU
		{39FE69E6-1752-45B5-93A1-ECD5B1713622}.Release|Any CPU.ActiveCfg = Release|Any CPU
		{39FE69E6-1752-45B5-93A1-ECD5B1713622}.Release|Any CPU.Build.0 = Release|Any CPU
		{8655C836-9C5B-4D2C-999C-A68125EC6C98}.Debug|Any CPU.ActiveCfg = Debug|Any CPU
		{8655C836-9C5B-4D2C-999C-A68125EC6C98}.Debug|Any CPU.Build.0 = Debug|Any CPU
		{8655C836-9C5B-4D2C-999C-A68125EC6C98}.Release|Any CPU.ActiveCfg = Release|Any CPU
		{8655C836-9C5B-4D2C-999C-A68125EC6C98}.Release|Any CPU.Build.0 = Release|Any CPU
		{19B3EDFD-F0A5-41EA-ABED-DF75AA58A93E}.Debug|Any CPU.ActiveCfg = Debug|Any CPU
		{19B3EDFD-F0A5-41EA-ABED-DF75AA58A93E}.Debug|Any CPU.Build.0 = Debug|Any CPU
		{19B3EDFD-F0A5-41EA-ABED-DF75AA58A93E}.Release|Any CPU.ActiveCfg = Release|Any CPU
		{19B3EDFD-F0A5-41EA-ABED-DF75AA58A93E}.Release|Any CPU.Build.0 = Release|Any CPU
		{9AC9FC6C-26EC-468E-A34E-ADD35AC928B1}.Debug|Any CPU.ActiveCfg = Debug|Any CPU
		{9AC9FC6C-26EC-468E-A34E-ADD35AC928B1}.Debug|Any CPU.Build.0 = Debug|Any CPU
		{9AC9FC6C-26EC-468E-A34E-ADD35AC928B1}.Release|Any CPU.ActiveCfg = Release|Any CPU
		{9AC9FC6C-26EC-468E-A34E-ADD35AC928B1}.Release|Any CPU.Build.0 = Release|Any CPU
	EndGlobalSection
	GlobalSection(SolutionProperties) = preSolution
		HideSolutionNode = FALSE
	EndGlobalSection
	GlobalSection(ExtensibilityGlobals) = postSolution
		SolutionGuid = {FC72DA93-5320-4EAF-97DA-C2BDCDDDD68C}
	EndGlobalSection
EndGlobal
